Microsoft Visual Studio Solution File, Format Version 12.00
# Visual Studio 2012
Project("{FAE04EC0-301F-11D3-BF4B-00C04F79EFBC}") = "AI Agent Enemies", "AI Agent Enemies.csproj", "{AB481275-5774-47E7-80FE-F98F644176CD}"
EndProject
Global
	GlobalSection(SolutionConfigurationPlatforms) = preSolution
	Debug|Any CPU = Debug|Any CPU
	ExportDebug|Any CPU = ExportDebug|Any CPU
	ExportRelease|Any CPU = ExportRelease|Any CPU
	EndGlobalSection
	GlobalSection(ProjectConfigurationPlatforms) = postSolution
		{AB481275-5774-47E7-80FE-F98F644176CD}.Debug|Any CPU.ActiveCfg = Debug|Any CPU
		{AB481275-5774-47E7-80FE-F98F644176CD}.Debug|Any CPU.Build.0 = Debug|Any CPU
		{AB481275-5774-47E7-80FE-F98F644176CD}.ExportDebug|Any CPU.ActiveCfg = ExportDebug|Any CPU
		{AB481275-5774-47E7-80FE-F98F644176CD}.ExportDebug|Any CPU.Build.0 = ExportDebug|Any CPU
		{AB481275-5774-47E7-80FE-F98F644176CD}.ExportRelease|Any CPU.ActiveCfg = ExportRelease|Any CPU
		{AB481275-5774-47E7-80FE-F98F644176CD}.ExportRelease|Any CPU.Build.0 = ExportRelease|Any CPU
	EndGlobalSection
EndGlobal
